
Microsoft Visual Studio Solution File, Format Version 12.00
# Visual Studio Version 17
VisualStudioVersion = 17.4.33213.308
MinimumVisualStudioVersion = 10.0.40219.1
Project("{FAE04EC0-301F-11D3-BF4B-00C04F79EFBC}") = "UnitTESTS", "UnitTESTS\UnitTESTS.csproj", "{0BE9F960-9682-4F1E-941D-5164E182997A}"
EndProject
Project("{FAE04EC0-301F-11D3-BF4B-00C04F79EFBC}") = "WebApplication2Tests", "WebApplication2Tests\WebApplication2Tests.csproj", "{08C7C63C-7B2F-4EE6-9D51-D2EEC9045361}"
EndProject
Global
	GlobalSection(SolutionConfigurationPlatforms) = preSolution
		Debug|Any CPU = Debug|Any CPU
		Release|Any CPU = Release|Any CPU
	EndGlobalSection
	GlobalSection(ProjectConfigurationPlatforms) = postSolution
		{0BE9F960-9682-4F1E-941D-5164E182997A}.Debug|Any CPU.ActiveCfg = Debug|Any CPU
		{0BE9F960-9682-4F1E-941D-5164E182997A}.Debug|Any CPU.Build.0 = Debug|Any CPU
		{0BE9F960-9682-4F1E-941D-5164E182997A}.Release|Any CPU.ActiveCfg = Release|Any CPU
		{0BE9F960-9682-4F1E-941D-5164E182997A}.Release|Any CPU.Build.0 = Release|Any CPU
		{08C7C63C-7B2F-4EE6-9D51-D2EEC9045361}.Debug|Any CPU.ActiveCfg = Debug|Any CPU
		{08C7C63C-7B2F-4EE6-9D51-D2EEC9045361}.Debug|Any CPU.Build.0 = Debug|Any CPU
		{08C7C63C-7B2F-4EE6-9D51-D2EEC9045361}.Release|Any CPU.ActiveCfg = Release|Any CPU
		{08C7C63C-7B2F-4EE6-9D51-D2EEC9045361}.Release|Any CPU.Build.0 = Release|Any CPU
	EndGlobalSection
	GlobalSection(SolutionProperties) = preSolution
		HideSolutionNode = FALSE
	EndGlobalSection
	GlobalSection(ExtensibilityGlobals) = postSolution
		SolutionGuid = {A1F9654C-F05B-4FFB-A59D-E3C552AB7EA8}
	EndGlobalSection
EndGlobal
